
Microsoft Visual Studio Solution File, Format Version 12.00
# Visual Studio Version 17
VisualStudioVersion = 17.9.34607.119
MinimumVisualStudioVersion = 10.0.40219.1
Project("{FAE04EC0-301F-11D3-BF4B-00C04F79EFBC}") = "DawProjectAPI", "DawProjectAPI\DawProjectAPI.csproj", "{4DAC7EA8-6C6D-467A-BF39-85B8A726FDBF}"
EndProject
Global
	GlobalSection(SolutionConfigurationPlatforms) = preSolution
		Debug|Any CPU = Debug|Any CPU
		Release|Any CPU = Release|Any CPU
	EndGlobalSection
	GlobalSection(ProjectConfigurationPlatforms) = postSolution
		{4DAC7EA8-6C6D-467A-BF39-85B8A726FDBF}.Debug|Any CPU.ActiveCfg = Debug|Any CPU
		{4DAC7EA8-6C6D-467A-BF39-85B8A726FDBF}.Debug|Any CPU.Build.0 = Debug|Any CPU
		{4DAC7EA8-6C6D-467A-BF39-85B8A726FDBF}.Release|Any CPU.ActiveCfg = Release|Any CPU
		{4DAC7EA8-6C6D-467A-BF39-85B8A726FDBF}.Release|Any CPU.Build.0 = Release|Any CPU
	EndGlobalSection
	GlobalSection(SolutionProperties) = preSolution
		HideSolutionNode = FALSE
	EndGlobalSection
	GlobalSection(ExtensibilityGlobals) = postSolution
		SolutionGuid = {4B9E7F6A-C5DB-4664-9A44-4646472A13BE}
	EndGlobalSection
EndGlobal
